// !$*UTF8*$!
{
	archiveVersion = 1;
	classes = {
	};
	objectVersion = 56;
	objects = {

/* Begin PBXBuildFile section */
		4EB758082B99E59600F03CEB /* ArticleView.swift in Sources */ = {isa = PBXBuildFile; fileRef = 4EB758072B99E59600F03CEB /* ArticleView.swift */; };
		4EB7580A2B9AE9D500F03CEB /* FirebaseFirestore in Frameworks */ = {isa = PBXBuildFile; productRef = 4EB758092B9AE9D500F03CEB /* FirebaseFirestore */; };
		4EB7580C2B9AE9D500F03CEB /* FirebaseFirestoreCombine-Community in Frameworks */ = {isa = PBXBuildFile; productRef = 4EB7580B2B9AE9D500F03CEB /* FirebaseFirestoreCombine-Community */; };
		4EB7580E2B9AE9D500F03CEB /* FirebaseFirestoreSwift in Frameworks */ = {isa = PBXBuildFile; productRef = 4EB7580D2B9AE9D500F03CEB /* FirebaseFirestoreSwift */; };
		4EB758102B9AE9D500F03CEB /* FirebaseFunctions in Frameworks */ = {isa = PBXBuildFile; productRef = 4EB7580F2B9AE9D500F03CEB /* FirebaseFunctions */; };
		4EB758132B9B0A3300F03CEB /* SDWebImageSwiftUI in Frameworks */ = {isa = PBXBuildFile; productRef = 4EB758122B9B0A3300F03CEB /* SDWebImageSwiftUI */; };
		4EC452852B84D68200174216 /* CardListView.swift in Sources */ = {isa = PBXBuildFile; fileRef = 4EC452842B84D68200174216 /* CardListView.swift */; };
		4ED3F0DB2B73B42F003FC853 /* OrchardApp.swift in Sources */ = {isa = PBXBuildFile; fileRef = 4ED3F0DA2B73B42F003FC853 /* OrchardApp.swift */; };
		4ED3F0DD2B73B42F003FC853 /* ContentView.swift in Sources */ = {isa = PBXBuildFile; fileRef = 4ED3F0DC2B73B42F003FC853 /* ContentView.swift */; };
		4ED3F0DF2B73B431003FC853 /* Assets.xcassets in Resources */ = {isa = PBXBuildFile; fileRef = 4ED3F0DE2B73B431003FC853 /* Assets.xcassets */; };
		4ED3F0E22B73B431003FC853 /* Preview Assets.xcassets in Resources */ = {isa = PBXBuildFile; fileRef = 4ED3F0E12B73B431003FC853 /* Preview Assets.xcassets */; };
		4ED3F0E92B73B688003FC853 /* GoogleService-Info.plist in Resources */ = {isa = PBXBuildFile; fileRef = 4ED3F0E82B73B688003FC853 /* GoogleService-Info.plist */; };
		4ED3F0EC2B73B6E8003FC853 /* FirebaseAnalytics in Frameworks */ = {isa = PBXBuildFile; productRef = 4ED3F0EB2B73B6E8003FC853 /* FirebaseAnalytics */; };
		4ED3F0EE2B73B6E8003FC853 /* FirebaseAnalyticsOnDeviceConversion in Frameworks */ = {isa = PBXBuildFile; productRef = 4ED3F0ED2B73B6E8003FC853 /* FirebaseAnalyticsOnDeviceConversion */; };
		4ED3F0F02B73B6E8003FC853 /* FirebaseAnalyticsSwift in Frameworks */ = {isa = PBXBuildFile; productRef = 4ED3F0EF2B73B6E8003FC853 /* FirebaseAnalyticsSwift */; };
		4ED3F0F22B73B6E8003FC853 /* FirebaseAnalyticsWithoutAdIdSupport in Frameworks */ = {isa = PBXBuildFile; productRef = 4ED3F0F12B73B6E8003FC853 /* FirebaseAnalyticsWithoutAdIdSupport */; };
		4ED3F0F42B73B6E8003FC853 /* FirebaseAppCheck in Frameworks */ = {isa = PBXBuildFile; productRef = 4ED3F0F32B73B6E8003FC853 /* FirebaseAppCheck */; };
/* End PBXBuildFile section */

/* Begin PBXFileReference section */
		4EB758072B99E59600F03CEB /* ArticleView.swift */ = {isa = PBXFileReference; lastKnownFileType = sourcecode.swift; path = ArticleView.swift; sourceTree = "<group>"; };
		4EC452842B84D68200174216 /* CardListView.swift */ = {isa = PBXFileReference; lastKnownFileType = sourcecode.swift; path = CardListView.swift; sourceTree = "<group>"; };
		4ED3F0D72B73B42F003FC853 /* Orchard.app */ = {isa = PBXFileReference; explicitFileType = wrapper.application; includeInIndex = 0; path = Orchard.app; sourceTree = BUILT_PRODUCTS_DIR; };
		4ED3F0DA2B73B42F003FC853 /* OrchardApp.swift */ = {isa = PBXFileReference; lastKnownFileType = sourcecode.swift; path = OrchardApp.swift; sourceTree = "<group>"; };
		4ED3F0DC2B73B42F003FC853 /* ContentView.swift */ = {isa = PBXFileReference; lastKnownFileType = sourcecode.swift; path = ContentView.swift; sourceTree = "<group>"; };
		4ED3F0DE2B73B431003FC853 /* Assets.xcassets */ = {isa = PBXFileReference; lastKnownFileType = folder.assetcatalog; path = Assets.xcassets; sourceTree = "<group>"; };
		4ED3F0E12B73B431003FC853 /* Preview Assets.xcassets */ = {isa = PBXFileReference; lastKnownFileType = folder.assetcatalog; path = "Preview Assets.xcassets"; sourceTree = "<group>"; };
		4ED3F0E82B73B688003FC853 /* GoogleService-Info.plist */ = {isa = PBXFileReference; fileEncoding = 4; lastKnownFileType = text.plist.xml; path = "GoogleService-Info.plist"; sourceTree = "<group>"; };
/* End PBXFileReference section */

/* Begin PBXFrameworksBuildPhase section */
		4ED3F0D42B73B42F003FC853 /* Frameworks */ = {
			isa = PBXFrameworksBuildPhase;
			buildActionMask = 2147483647;
			files = (
				4EB758132B9B0A3300F03CEB /* SDWebImageSwiftUI in Frameworks */,
				4ED3F0F02B73B6E8003FC853 /* FirebaseAnalyticsSwift in Frameworks */,
				4ED3F0EC2B73B6E8003FC853 /* FirebaseAnalytics in Frameworks */,
				4ED3F0EE2B73B6E8003FC853 /* FirebaseAnalyticsOnDeviceConversion in Frameworks */,
				4EB758102B9AE9D500F03CEB /* FirebaseFunctions in Frameworks */,
				4ED3F0F42B73B6E8003FC853 /* FirebaseAppCheck in Frameworks */,
				4ED3F0F22B73B6E8003FC853 /* FirebaseAnalyticsWithoutAdIdSupport in Frameworks */,
				4EB7580A2B9AE9D500F03CEB /* FirebaseFirestore in Frameworks */,
				4EB7580C2B9AE9D500F03CEB /* FirebaseFirestoreCombine-Community in Frameworks */,
				4EB7580E2B9AE9D500F03CEB /* FirebaseFirestoreSwift in Frameworks */,
			);
			runOnlyForDeploymentPostprocessing = 0;
		};
/* End PBXFrameworksBuildPhase section */

/* Begin PBXGroup section */
		4ED3F0CE2B73B42F003FC853 = {
			isa = PBXGroup;
			children = (
				4ED3F0D92B73B42F003FC853 /* Orchard */,
				4ED3F0D82B73B42F003FC853 /* Products */,
			);
			sourceTree = "<group>";
		};
		4ED3F0D82B73B42F003FC853 /* Products */ = {
			isa = PBXGroup;
			children = (
				4ED3F0D72B73B42F003FC853 /* Orchard.app */,
			);
			name = Products;
			sourceTree = "<group>";
		};
		4ED3F0D92B73B42F003FC853 /* Orchard */ = {
			isa = PBXGroup;
			children = (
				4ED3F0E82B73B688003FC853 /* GoogleService-Info.plist */,
				4ED3F0DA2B73B42F003FC853 /* OrchardApp.swift */,
				4ED3F0DC2B73B42F003FC853 /* ContentView.swift */,
				4EC452842B84D68200174216 /* CardListView.swift */,
				4EB758072B99E59600F03CEB /* ArticleView.swift */,
				4ED3F0DE2B73B431003FC853 /* Assets.xcassets */,
				4ED3F0E02B73B431003FC853 /* Preview Content */,
			);
			path = Orchard;
			sourceTree = "<group>";
		};
		4ED3F0E02B73B431003FC853 /* Preview Content */ = {
			isa = PBXGroup;
			children = (
				4ED3F0E12B73B431003FC853 /* Preview Assets.xcassets */,
			);
			path = "Preview Content";
			sourceTree = "<group>";
		};
/* End PBXGroup section */

/* Begin PBXNativeTarget section */
		4ED3F0D62B73B42F003FC853 /* Orchard */ = {
			isa = PBXNativeTarget;
			buildConfigurationList = 4ED3F0E52B73B431003FC853 /* Build configuration list for PBXNativeTarget "Orchard" */;
			buildPhases = (
				4ED3F0D32B73B42F003FC853 /* Sources */,
				4ED3F0D42B73B42F003FC853 /* Frameworks */,
				4ED3F0D52B73B42F003FC853 /* Resources */,
			);
			buildRules = (
			);
			dependencies = (
			);
			name = Orchard;
			packageProductDependencies = (
				4ED3F0EB2B73B6E8003FC853 /* FirebaseAnalytics */,
				4ED3F0ED2B73B6E8003FC853 /* FirebaseAnalyticsOnDeviceConversion */,
				4ED3F0EF2B73B6E8003FC853 /* FirebaseAnalyticsSwift */,
				4ED3F0F12B73B6E8003FC853 /* FirebaseAnalyticsWithoutAdIdSupport */,
				4ED3F0F32B73B6E8003FC853 /* FirebaseAppCheck */,
				4EB758092B9AE9D500F03CEB /* FirebaseFirestore */,
				4EB7580B2B9AE9D500F03CEB /* FirebaseFirestoreCombine-Community */,
				4EB7580D2B9AE9D500F03CEB /* FirebaseFirestoreSwift */,
				4EB7580F2B9AE9D500F03CEB /* FirebaseFunctions */,
				4EB758122B9B0A3300F03CEB /* SDWebImageSwiftUI */,
			);
			productName = Orchard;
			productReference = 4ED3F0D72B73B42F003FC853 /* Orchard.app */;
			productType = "com.apple.product-type.application";
		};
/* End PBXNativeTarget section */

/* Begin PBXProject section */
		4ED3F0CF2B73B42F003FC853 /* Project object */ = {
			isa = PBXProject;
			attributes = {
				BuildIndependentTargetsInParallel = 1;
				LastSwiftUpdateCheck = 1520;
				LastUpgradeCheck = 1520;
				TargetAttributes = {
					4ED3F0D62B73B42F003FC853 = {
						CreatedOnToolsVersion = 15.2;
					};
				};
			};
			buildConfigurationList = 4ED3F0D22B73B42F003FC853 /* Build configuration list for PBXProject "Orchard" */;
			compatibilityVersion = "Xcode 14.0";
			developmentRegion = en;
			hasScannedForEncodings = 0;
			knownRegions = (
				en,
				Base,
			);
			mainGroup = 4ED3F0CE2B73B42F003FC853;
			packageReferences = (
				4ED3F0EA2B73B6E8003FC853 /* XCRemoteSwiftPackageReference "firebase-ios-sdk" */,
				4EB758112B9B0A3300F03CEB /* XCRemoteSwiftPackageReference "SDWebImageSwiftUI" */,
			);
			productRefGroup = 4ED3F0D82B73B42F003FC853 /* Products */;
			projectDirPath = "";
			projectRoot = "";
			targets = (
				4ED3F0D62B73B42F003FC853 /* Orchard */,
			);
		};
/* End PBXProject section */

/* Begin PBXResourcesBuildPhase section */
		4ED3F0D52B73B42F003FC853 /* Resources */ = {
			isa = PBXResourcesBuildPhase;
			buildActionMask = 2147483647;
			files = (
				4ED3F0E22B73B431003FC853 /* Preview Assets.xcassets in Resources */,
				4ED3F0DF2B73B431003FC853 /* Assets.xcassets in Resources */,
				4ED3F0E92B73B688003FC853 /* GoogleService-Info.plist in Resources */,
			);
			runOnlyForDeploymentPostprocessing = 0;
		};
/* End PBXResourcesBuildPhase section */

/* Begin PBXSourcesBuildPhase section */
		4ED3F0D32B73B42F003FC853 /* Sources */ = {
			isa = PBXSourcesBuildPhase;
			buildActionMask = 2147483647;
			files = (
				4ED3F0DD2B73B42F003FC853 /* ContentView.swift in Sources */,
				4EC452852B84D68200174216 /* CardListView.swift in Sources */,
				4ED3F0DB2B73B42F003FC853 /* OrchardApp.swift in Sources */,
				4EB758082B99E59600F03CEB /* ArticleView.swift in Sources */,
			);
			runOnlyForDeploymentPostprocessing = 0;
		};
/* End PBXSourcesBuildPhase section */

/* Begin XCBuildConfiguration section */
		4ED3F0E32B73B431003FC853 /* Debug */ = {
			isa = XCBuildConfiguration;
			buildSettings = {
				ALWAYS_SEARCH_USER_PATHS = NO;
				ASSETCATALOG_COMPILER_GENERATE_SWIFT_ASSET_SYMBOL_EXTENSIONS = YES;
				CLANG_ANALYZER_NONNULL = YES;
				CLANG_ANALYZER_NUMBER_OBJECT_CONVERSION = YES_AGGRESSIVE;
				CLANG_CXX_LANGUAGE_STANDARD = "gnu++20";
				CLANG_ENABLE_MODULES = YES;
				CLANG_ENABLE_OBJC_ARC = YES;
				CLANG_ENABLE_OBJC_WEAK = YES;
				CLANG_WARN_BLOCK_CAPTURE_AUTORELEASING = YES;
				CLANG_WARN_BOOL_CONVERSION = YES;
				CLANG_WARN_COMMA = YES;
				CLANG_WARN_CONSTANT_CONVERSION = YES;
				CLANG_WARN_DEPRECATED_OBJC_IMPLEMENTATIONS = YES;
				CLANG_WARN_DIRECT_OBJC_ISA_USAGE = YES_ERROR;
				CLANG_WARN_DOCUMENTATION_COMMENTS = YES;
				CLANG_WARN_EMPTY_BODY = YES;
				CLANG_WARN_ENUM_CONVERSION = YES;
				CLANG_WARN_INFINITE_RECURSION = YES;
				CLANG_WARN_INT_CONVERSION = YES;
				CLANG_WARN_NON_LITERAL_NULL_CONVERSION = YES;
				CLANG_WARN_OBJC_IMPLICIT_RETAIN_SELF = YES;
				CLANG_WARN_OBJC_LITERAL_CONVERSION = YES;
				CLANG_WARN_OBJC_ROOT_CLASS = YES_ERROR;
				CLANG_WARN_QUOTED_INCLUDE_IN_FRAMEWORK_HEADER = YES;
				CLANG_WARN_RANGE_LOOP_ANALYSIS = YES;
				CLANG_WARN_STRICT_PROTOTYPES = YES;
				CLANG_WARN_SUSPICIOUS_MOVE = YES;
				CLANG_WARN_UNGUARDED_AVAILABILITY = YES_AGGRESSIVE;
				CLANG_WARN_UNREACHABLE_CODE = YES;
				CLANG_WARN__DUPLICATE_METHOD_MATCH = YES;
				COPY_PHASE_STRIP = NO;
				DEBUG_INFORMATION_FORMAT = dwarf;
				ENABLE_STRICT_OBJC_MSGSEND = YES;
				ENABLE_TESTABILITY = YES;
				ENABLE_USER_SCRIPT_SANDBOXING = YES;
				GCC_C_LANGUAGE_STANDARD = gnu17;
				GCC_DYNAMIC_NO_PIC = NO;
				GCC_NO_COMMON_BLOCKS = YES;
				GCC_OPTIMIZATION_LEVEL = 0;
				GCC_PREPROCESSOR_DEFINITIONS = (
					"DEBUG=1",
					"$(inherited)",
				);
				GCC_WARN_64_TO_32_BIT_CONVERSION = YES;
				GCC_WARN_ABOUT_RETURN_TYPE = YES_ERROR;
				GCC_WARN_UNDECLARED_SELECTOR = YES;
				GCC_WARN_UNINITIALIZED_AUTOS = YES_AGGRESSIVE;
				GCC_WARN_UNUSED_FUNCTION = YES;
				GCC_WARN_UNUSED_VARIABLE = YES;
				IPHONEOS_DEPLOYMENT_TARGET = 17.2;
				LOCALIZATION_PREFERS_STRING_CATALOGS = YES;
				MTL_ENABLE_DEBUG_INFO = INCLUDE_SOURCE;
				MTL_FAST_MATH = YES;
				ONLY_ACTIVE_ARCH = YES;
				SDKROOT = iphoneos;
				SWIFT_ACTIVE_COMPILATION_CONDITIONS = "DEBUG $(inherited)";
				SWIFT_OPTIMIZATION_LEVEL = "-Onone";
			};
			name = Debug;
		};
		4ED3F0E42B73B431003FC853 /* Release */ = {
			isa = XCBuildConfiguration;
			buildSettings = {
				ALWAYS_SEARCH_USER_PATHS = NO;
				ASSETCATALOG_COMPILER_GENERATE_SWIFT_ASSET_SYMBOL_EXTENSIONS = YES;
				CLANG_ANALYZER_NONNULL = YES;
				CLANG_ANALYZER_NUMBER_OBJECT_CONVERSION = YES_AGGRESSIVE;
				CLANG_CXX_LANGUAGE_STANDARD = "gnu++20";
				CLANG_ENABLE_MODULES = YES;
				CLANG_ENABLE_OBJC_ARC = YES;
				CLANG_ENABLE_OBJC_WEAK = YES;
				CLANG_WARN_BLOCK_CAPTURE_AUTORELEASING = YES;
				CLANG_WARN_BOOL_CONVERSION = YES;
				CLANG_WARN_COMMA = YES;
				CLANG_WARN_CONSTANT_CONVERSION = YES;
				CLANG_WARN_DEPRECATED_OBJC_IMPLEMENTATIONS = YES;
				CLANG_WARN_DIRECT_OBJC_ISA_USAGE = YES_ERROR;
				CLANG_WARN_DOCUMENTATION_COMMENTS = YES;
				CLANG_WARN_EMPTY_BODY = YES;
				CLANG_WARN_ENUM_CONVERSION = YES;
				CLANG_WARN_INFINITE_RECURSION = YES;
				CLANG_WARN_INT_CONVERSION = YES;
				CLANG_WARN_NON_LITERAL_NULL_CONVERSION = YES;
				CLANG_WARN_OBJC_IMPLICIT_RETAIN_SELF = YES;
				CLANG_WARN_OBJC_LITERAL_CONVERSION = YES;
				CLANG_WARN_OBJC_ROOT_CLASS = YES_ERROR;
				CLANG_WARN_QUOTED_INCLUDE_IN_FRAMEWORK_HEADER = YES;
				CLANG_WARN_RANGE_LOOP_ANALYSIS = YES;
				CLANG_WARN_STRICT_PROTOTYPES = YES;
				CLANG_WARN_SUSPICIOUS_MOVE = YES;
				CLANG_WARN_UNGUARDED_AVAILABILITY = YES_AGGRESSIVE;
				CLANG_WARN_UNREACHABLE_CODE = YES;
				CLANG_WARN__DUPLICATE_METHOD_MATCH = YES;
				COPY_PHASE_STRIP = NO;
				DEBUG_INFORMATION_FORMAT = "dwarf-with-dsym";
				ENABLE_NS_ASSERTIONS = NO;
				ENABLE_STRICT_OBJC_MSGSEND = YES;
				ENABLE_USER_SCRIPT_SANDBOXING = YES;
				GCC_C_LANGUAGE_STANDARD = gnu17;
				GCC_NO_COMMON_BLOCKS = YES;
				GCC_WARN_64_TO_32_BIT_CONVERSION = YES;
				GCC_WARN_ABOUT_RETURN_TYPE = YES_ERROR;
				GCC_WARN_UNDECLARED_SELECTOR = YES;
				GCC_WARN_UNINITIALIZED_AUTOS = YES_AGGRESSIVE;
				GCC_WARN_UNUSED_FUNCTION = YES;
				GCC_WARN_UNUSED_VARIABLE = YES;
				IPHONEOS_DEPLOYMENT_TARGET = 17.2;
				LOCALIZATION_PREFERS_STRING_CATALOGS = YES;
				MTL_ENABLE_DEBUG_INFO = NO;
				MTL_FAST_MATH = YES;
				SDKROOT = iphoneos;
				SWIFT_COMPILATION_MODE = wholemodule;
				VALIDATE_PRODUCT = YES;
			};
			name = Release;
		};
		4ED3F0E62B73B431003FC853 /* Debug */ = {
			isa = XCBuildConfiguration;
			buildSettings = {
				ASSETCATALOG_COMPILER_APPICON_NAME = AppIcon;
				ASSETCATALOG_COMPILER_GLOBAL_ACCENT_COLOR_NAME = AccentColor;
				CODE_SIGN_STYLE = Automatic;
				CURRENT_PROJECT_VERSION = 1;
				DEVELOPMENT_ASSET_PATHS = "\"Orchard/Preview Content\"";
				DEVELOPMENT_TEAM = RW7JF623GP;
				ENABLE_PREVIEWS = YES;
				GENERATE_INFOPLIST_FILE = YES;
				INFOPLIST_KEY_UIApplicationSceneManifest_Generation = YES;
				INFOPLIST_KEY_UIApplicationSupportsIndirectInputEvents = YES;
				INFOPLIST_KEY_UILaunchScreen_Generation = YES;
				INFOPLIST_KEY_UISupportedInterfaceOrientations_iPad = "UIInterfaceOrientationPortrait UIInterfaceOrientationPortraitUpsideDown UIInterfaceOrientationLandscapeLeft UIInterfaceOrientationLandscapeRight";
				INFOPLIST_KEY_UISupportedInterfaceOrientations_iPhone = "UIInterfaceOrientationPortrait UIInterfaceOrientationLandscapeLeft UIInterfaceOrientationLandscapeRight";
				LD_RUNPATH_SEARCH_PATHS = (
					"$(inherited)",
					"@executable_path/Frameworks",
				);
				MARKETING_VERSION = 1.0;
				PRODUCT_BUNDLE_IDENTIFIER = com.Johan.Orchard;
				PRODUCT_NAME = "$(TARGET_NAME)";
				SWIFT_EMIT_LOC_STRINGS = YES;
				SWIFT_VERSION = 5.0;
				TARGETED_DEVICE_FAMILY = "1,2";
			};
			name = Debug;
		};
		4ED3F0E72B73B431003FC853 /* Release */ = {
			isa = XCBuildConfiguration;
			buildSettings = {
				ASSETCATALOG_COMPILER_APPICON_NAME = AppIcon;
				ASSETCATALOG_COMPILER_GLOBAL_ACCENT_COLOR_NAME = AccentColor;
				CODE_SIGN_STYLE = Automatic;
				CURRENT_PROJECT_VERSION = 1;
				DEVELOPMENT_ASSET_PATHS = "\"Orchard/Preview Content\"";
				DEVELOPMENT_TEAM = RW7JF623GP;
				ENABLE_PREVIEWS = YES;
				GENERATE_INFOPLIST_FILE = YES;
				INFOPLIST_KEY_UIApplicationSceneManifest_Generation = YES;
				INFOPLIST_KEY_UIApplicationSupportsIndirectInputEvents = YES;
				INFOPLIST_KEY_UILaunchScreen_Generation = YES;
				INFOPLIST_KEY_UISupportedInterfaceOrientations_iPad = "UIInterfaceOrientationPortrait UIInterfaceOrientationPortraitUpsideDown UIInterfaceOrientationLandscapeLeft UIInterfaceOrientationLandscapeRight";
				INFOPLIST_KEY_UISupportedInterfaceOrientations_iPhone = "UIInterfaceOrientationPortrait UIInterfaceOrientationLandscapeLeft UIInterfaceOrientationLandscapeRight";
				LD_RUNPATH_SEARCH_PATHS = (
					"$(inherited)",
					"@executable_path/Frameworks",
				);
				MARKETING_VERSION = 1.0;
				PRODUCT_BUNDLE_IDENTIFIER = com.Johan.Orchard;
				PRODUCT_NAME = "$(TARGET_NAME)";
				SWIFT_EMIT_LOC_STRINGS = YES;
				SWIFT_VERSION = 5.0;
				TARGETED_DEVICE_FAMILY = "1,2";
			};
			name = Release;
		};
/* End XCBuildConfiguration section */

/* Begin XCConfigurationList section */
		4ED3F0D22B73B42F003FC853 /* Build configuration list for PBXProject "Orchard" */ = {
			isa = XCConfigurationList;
			buildConfigurations = (
				4ED3F0E32B73B431003FC853 /* Debug */,
				4ED3F0E42B73B431003FC853 /* Release */,
			);
			defaultConfigurationIsVisible = 0;
			defaultConfigurationName = Release;
		};
		4ED3F0E52B73B431003FC853 /* Build configuration list for PBXNativeTarget "Orchard" */ = {
			isa = XCConfigurationList;
			buildConfigurations = (
				4ED3F0E62B73B431003FC853 /* Debug */,
				4ED3F0E72B73B431003FC853 /* Release */,
			);
			defaultConfigurationIsVisible = 0;
			defaultConfigurationName = Release;
		};
/* End XCConfigurationList section */

/* Begin XCRemoteSwiftPackageReference section */
		4EB758112B9B0A3300F03CEB /* XCRemoteSwiftPackageReference "SDWebImageSwiftUI" */ = {
			isa = XCRemoteSwiftPackageReference;
			repositoryURL = "https://github.com/SDWebImage/SDWebImageSwiftUI.git";
			requirement = {
				kind = upToNextMajorVersion;
				minimumVersion = 2.2.6;
			};
		};
		4ED3F0EA2B73B6E8003FC853 /* XCRemoteSwiftPackageReference "firebase-ios-sdk" */ = {
			isa = XCRemoteSwiftPackageReference;
			repositoryURL = "https://github.com/firebase/firebase-ios-sdk";
			requirement = {
				kind = upToNextMajorVersion;
				minimumVersion = 10.21.0;
			};
		};
/* End XCRemoteSwiftPackageReference section */

/* Begin XCSwiftPackageProductDependency section */
		4EB758092B9AE9D500F03CEB /* FirebaseFirestore */ = {
			isa = XCSwiftPackageProductDependency;
			package = 4ED3F0EA2B73B6E8003FC853 /* XCRemoteSwiftPackageReference "firebase-ios-sdk" */;
			productName = FirebaseFirestore;
		};
		4EB7580B2B9AE9D500F03CEB /* FirebaseFirestoreCombine-Community */ = {
			isa = XCSwiftPackageProductDependency;
			package = 4ED3F0EA2B73B6E8003FC853 /* XCRemoteSwiftPackageReference "firebase-ios-sdk" */;
			productName = "FirebaseFirestoreCombine-Community";
		};
		4EB7580D2B9AE9D500F03CEB /* FirebaseFirestoreSwift */ = {
			isa = XCSwiftPackageProductDependency;
			package = 4ED3F0EA2B73B6E8003FC853 /* XCRemoteSwiftPackageReference "firebase-ios-sdk" */;
			productName = FirebaseFirestoreSwift;
		};
		4EB7580F2B9AE9D500F03CEB /* FirebaseFunctions */ = {
			isa = XCSwiftPackageProductDependency;
			package = 4ED3F0EA2B73B6E8003FC853 /* XCRemoteSwiftPackageReference "firebase-ios-sdk" */;
			productName = FirebaseFunctions;
		};
		4EB758122B9B0A3300F03CEB /* SDWebImageSwiftUI */ = {
			isa = XCSwiftPackageProductDependency;
			package = 4EB758112B9B0A3300F03CEB /* XCRemoteSwiftPackageReference "SDWebImageSwiftUI" */;
			productName = SDWebImageSwiftUI;
		};
		4ED3F0EB2B73B6E8003FC853 /* FirebaseAnalytics */ = {
			isa = XCSwiftPackageProductDependency;
			package = 4ED3F0EA2B73B6E8003FC853 /* XCRemoteSwiftPackageReference "firebase-ios-sdk" */;
			productName = FirebaseAnalytics;
		};
		4ED3F0ED2B73B6E8003FC853 /* FirebaseAnalyticsOnDeviceConversion */ = {
			isa = XCSwiftPackageProductDependency;
			package = 4ED3F0EA2B73B6E8003FC853 /* XCRemoteSwiftPackageReference "firebase-ios-sdk" */;
			productName = FirebaseAnalyticsOnDeviceConversion;
		};
		4ED3F0EF2B73B6E8003FC853 /* FirebaseAnalyticsSwift */ = {
			isa = XCSwiftPackageProductDependency;
			package = 4ED3F0EA2B73B6E8003FC853 /* XCRemoteSwiftPackageReference "firebase-ios-sdk" */;
			productName = FirebaseAnalyticsSwift;
		};
		4ED3F0F12B73B6E8003FC853 /* FirebaseAnalyticsWithoutAdIdSupport */ = {
			isa = XCSwiftPackageProductDependency;
			package = 4ED3F0EA2B73B6E8003FC853 /* XCRemoteSwiftPackageReference "firebase-ios-sdk" */;
			productName = FirebaseAnalyticsWithoutAdIdSupport;
		};
		4ED3F0F32B73B6E8003FC853 /* FirebaseAppCheck */ = {
			isa = XCSwiftPackageProductDependency;
			package = 4ED3F0EA2B73B6E8003FC853 /* XCRemoteSwiftPackageReference "firebase-ios-sdk" */;
			productName = FirebaseAppCheck;
		};
/* End XCSwiftPackageProductDependency section */
	};
	rootObject = 4ED3F0CF2B73B42F003FC853 /* Project object */;
}
